{
  "name": "@ibexa/admin-ui-playwright",
  "version": "1.0.0",
  "lockfileVersion": 3,
  "requires": true,
  "packages": {
    "": {
      "name": "@ibexa/admin-ui-playwright",
      "version": "1.0.0",
      "devDependencies": {
        "@ibexa/cohesivo-playwright": "git+https://github.com/ibexa/cohesivo-playwright.git",
        "@playwright/test": "^1.44.0",
        "@types/node": "^20.0.0",
        "typescript": "^5.4.0"
      }
    },
    "node_modules/@ibexa/cohesivo-playwright": {
      "version": "1.0.0",
      "resolved": "git+https://github.com/ibexa/cohesivo-playwright.git#cbe347e9bfc034c25bc1c58a5332720fc521cbd2",
      "dev": true,
      "engines": {
        "node": ">=18"
      },
      "peerDependencies": {
        "@playwright/test": "^1.44.0"
      }
    },
    "node_modules/@playwright/test": {
      "version": "1.60.0",
      "dev": true,
      "license": "Apache-2.0",
      "dependencies": {
        "playwright": "1.60.0"
      },
      "bin": {
        "playwright": "cli.js"
      },
      "engines": {
        "node": ">=18"
      }
    },
    "node_modules/@types/node": {
      "version": "20.19.41",
      "dev": true,
      "license": "MIT",
      "dependencies": {
        "undici-types": "~6.21.0"
      }
    },
    "node_modules/fsevents": {
      "version": "2.3.2",
      "dev": true,
      "license": "MIT",
      "optional": true,
      "os": [
        "darwin"
      ],
      "engines": {
        "node": "^8.16.0 || ^10.6.0 || >=11.0.0"
      }
    },
    "node_modules/playwright": {
      "version": "1.60.0",
      "dev": true,
      "license": "Apache-2.0",
      "dependencies": {
        "playwright-core": "1.60.0"
      },
      "bin": {
        "playwright": "cli.js"
      },
      "engines": {
        "node": ">=18"
      },
      "optionalDependencies": {
        "fsevents": "2.3.2"
      }
    },
    "node_modules/playwright-core": {
      "version": "1.60.0",
      "dev": true,
      "license": "Apache-2.0",
      "bin": {
        "playwright-core": "cli.js"
      },
      "engines": {
        "node": ">=18"
      }
    },
    "node_modules/typescript": {
      "version": "5.9.3",
      "dev": true,
      "license": "Apache-2.0",
      "bin": {
        "tsc": "bin/tsc",
        "tsserver": "bin/tsserver"
      },
      "engines": {
        "node": ">=14.17"
      }
    },
    "node_modules/undici-types": {
      "version": "6.21.0",
      "dev": true,
      "license": "MIT"
    }
  }
}
