{
  "name": "@ibexa/admin-ui-playwright-tests",
  "version": "1.0.0",
  "lockfileVersion": 3,
  "requires": true,
  "packages": {
    "": {
      "name": "@ibexa/admin-ui-playwright-tests",
      "version": "1.0.0",
      "dependencies": {
        "@ibexa/cohesivo-playwright": "file:../../../cohesivo-playwright"
      }
    },
    "../../../cohesivo-playwright": {
      "name": "@ibexa/cohesivo-playwright",
      "version": "1.0.0",
      "dependencies": {
        "@playwright/test": "^1.60.0",
        "@types/node": "^20.0.0",
        "dotenv": "^17.4.2",
        "typescript": "^5.4.0"
      },
      "devDependencies": {
        "@typescript-eslint/eslint-plugin": "^7.0.0",
        "@typescript-eslint/parser": "^7.0.0",
        "eslint": "^8.57.0"
      },
      "engines": {
        "node": ">=18"
      }
    },
    "node_modules/@ibexa/cohesivo-playwright": {
      "resolved": "../../../cohesivo-playwright",
      "link": true
    }
  }
}
